{
  "name": "frontend",
  "lockfileVersion": 2,
  "requires": true,
  "packages": {
    "": {
      "dependencies": {
        "colormap": "^2.3.2"
      }
    },
    "node_modules/colormap": {
      "version": "2.3.2",
      "resolved": "https://registry.npmjs.org/colormap/-/colormap-2.3.2.tgz",
      "integrity": "sha512-jDOjaoEEmA9AgA11B/jCSAvYE95r3wRoAyTf3LEHGiUVlNHJaL1mRkf5AyLSpQBVGfTEPwGEqCIzL+kgr2WgNA==",
      "dependencies": {
        "lerp": "^1.0.3"
      }
    },
    "node_modules/lerp": {
      "version": "1.0.3",
      "resolved": "https://registry.npmjs.org/lerp/-/lerp-1.0.3.tgz",
      "integrity": "sha512-70Rh4rCkJDvwWiTsyZ1HmJGvnyfFah4m6iTux29XmasRiZPDBpT9Cfa4ai73+uLZxnlKruUS62jj2lb11wURiA=="
    }
  },
  "dependencies": {
    "colormap": {
      "version": "2.3.2",
      "resolved": "https://registry.npmjs.org/colormap/-/colormap-2.3.2.tgz",
      "integrity": "sha512-jDOjaoEEmA9AgA11B/jCSAvYE95r3wRoAyTf3LEHGiUVlNHJaL1mRkf5AyLSpQBVGfTEPwGEqCIzL+kgr2WgNA==",
      "requires": {
        "lerp": "^1.0.3"
      }
    },
    "lerp": {
      "version": "1.0.3",
      "resolved": "https://registry.npmjs.org/lerp/-/lerp-1.0.3.tgz",
      "integrity": "sha512-70Rh4rCkJDvwWiTsyZ1HmJGvnyfFah4m6iTux29XmasRiZPDBpT9Cfa4ai73+uLZxnlKruUS62jj2lb11wURiA=="
    }
  }
}
